// !$*UTF8*$!
{
	archiveVersion = 1;
	classes = {
	};
	objectVersion = 50;
	objects = {

/* Begin PBXBuildFile section */
		FA238710237C32DD00F4A60C /* AppDelegate.swift in Sources */ = {isa = PBXBuildFile; fileRef = FA23870F237C32DD00F4A60C /* AppDelegate.swift */; };
		FA238712237C32DD00F4A60C /* ViewController.swift in Sources */ = {isa = PBXBuildFile; fileRef = FA238711237C32DD00F4A60C /* ViewController.swift */; };
		FA238715237C32DD00F4A60C /* Main.storyboard in Resources */ = {isa = PBXBuildFile; fileRef = FA238713237C32DD00F4A60C /* Main.storyboard */; };
		FA238717237C32DF00F4A60C /* Assets.xcassets in Resources */ = {isa = PBXBuildFile; fileRef = FA238716237C32DF00F4A60C /* Assets.xcassets */; };
		FA23871A237C32DF00F4A60C /* LaunchScreen.storyboard in Resources */ = {isa = PBXBuildFile; fileRef = FA238718237C32DF00F4A60C /* LaunchScreen.storyboard */; };
		FA238725237C32E000F4A60C /* NIBMArticleTests.swift in Sources */ = {isa = PBXBuildFile; fileRef = FA238724237C32E000F4A60C /* NIBMArticleTests.swift */; };
		FA238730237C32E000F4A60C /* NIBMArticleUITests.swift in Sources */ = {isa = PBXBuildFile; fileRef = FA23872F237C32E000F4A60C /* NIBMArticleUITests.swift */; };
		FA238745237C7BF000F4A60C /* menu.storyboard in Resources */ = {isa = PBXBuildFile; fileRef = FA238744237C7BF000F4A60C /* menu.storyboard */; };
		FA238781237EF24D00F4A60C /* MenuViewController.swift in Sources */ = {isa = PBXBuildFile; fileRef = FA238780237EF24D00F4A60C /* MenuViewController.swift */; };
/* End PBXBuildFile section */

/* Begin PBXContainerItemProxy section */
		FA238721237C32E000F4A60C /* PBXContainerItemProxy */ = {
			isa = PBXContainerItemProxy;
			containerPortal = FA238704237C32DD00F4A60C /* Project object */;
			proxyType = 1;
			remoteGlobalIDString = FA23870B237C32DD00F4A60C;
			remoteInfo = NIBMArticle;
		};
		FA23872C237C32E000F4A60C /* PBXContainerItemProxy */ = {
			isa = PBXContainerItemProxy;
			containerPortal = FA238704237C32DD00F4A60C /* Project object */;
			proxyType = 1;
			remoteGlobalIDString = FA23870B237C32DD00F4A60C;
			remoteInfo = NIBMArticle;
		};
/* End PBXContainerItemProxy section */

/* Begin PBXFileReference section */
		FA23870C237C32DD00F4A60C /* NIBMArticle.app */ = {isa = PBXFileReference; explicitFileType = wrapper.application; includeInIndex = 0; path = NIBMArticle.app; sourceTree = BUILT_PRODUCTS_DIR; };
		FA23870F237C32DD00F4A60C /* AppDelegate.swift */ = {isa = PBXFileReference; lastKnownFileType = sourcecode.swift; path = AppDelegate.swift; sourceTree = "<group>"; };
		FA238711237C32DD00F4A60C /* ViewController.swift */ = {isa = PBXFileReference; lastKnownFileType = sourcecode.swift; path = ViewController.swift; sourceTree = "<group>"; };
		FA238714237C32DD00F4A60C /* Base */ = {isa = PBXFileReference; lastKnownFileType = file.storyboard; name = Base; path = Base.lproj/Main.storyboard; sourceTree = "<group>"; };
		FA238716237C32DF00F4A60C /* Assets.xcassets */ = {isa = PBXFileReference; lastKnownFileType = folder.assetcatalog; path = Assets.xcassets; sourceTree = "<group>"; };
		FA238719237C32DF00F4A60C /* Base */ = {isa = PBXFileReference; lastKnownFileType = file.storyboard; name = Base; path = Base.lproj/LaunchScreen.storyboard; sourceTree = "<group>"; };
		FA23871B237C32DF00F4A60C /* Info.plist */ = {isa = PBXFileReference; lastKnownFileType = text.plist.xml; path = Info.plist; sourceTree = "<group>"; };
		FA238720237C32E000F4A60C /* NIBMArticleTests.xctest */ = {isa = PBXFileReference; explicitFileType = wrapper.cfbundle; includeInIndex = 0; path = NIBMArticleTests.xctest; sourceTree = BUILT_PRODUCTS_DIR; };
		FA238724237C32E000F4A60C /* NIBMArticleTests.swift */ = {isa = PBXFileReference; lastKnownFileType = sourcecode.swift; path = NIBMArticleTests.swift; sourceTree = "<group>"; };
		FA238726237C32E000F4A60C /* Info.plist */ = {isa = PBXFileReference; lastKnownFileType = text.plist.xml; path = Info.plist; sourceTree = "<group>"; };
		FA23872B237C32E000F4A60C /* NIBMArticleUITests.xctest */ = {isa = PBXFileReference; explicitFileType = wrapper.cfbundle; includeInIndex = 0; path = NIBMArticleUITests.xctest; sourceTree = BUILT_PRODUCTS_DIR; };
		FA23872F237C32E000F4A60C /* NIBMArticleUITests.swift */ = {isa = PBXFileReference; lastKnownFileType = sourcecode.swift; path = NIBMArticleUITests.swift; sourceTree = "<group>"; };
		FA238731237C32E000F4A60C /* Info.plist */ = {isa = PBXFileReference; lastKnownFileType = text.plist.xml; path = Info.plist; sourceTree = "<group>"; };
		FA238744237C7BF000F4A60C /* menu.storyboard */ = {isa = PBXFileReference; lastKnownFileType = file.storyboard; path = menu.storyboard; sourceTree = "<group>"; };
		FA238780237EF24D00F4A60C /* MenuViewController.swift */ = {isa = PBXFileReference; lastKnownFileType = sourcecode.swift; path = MenuViewController.swift; sourceTree = "<group>"; };
/* End PBXFileReference section */

/* Begin PBXFrameworksBuildPhase section */
		FA238709237C32DD00F4A60C /* Frameworks */ = {
			isa = PBXFrameworksBuildPhase;
			buildActionMask = 2147483647;
			files = (
			);
			runOnlyForDeploymentPostprocessing = 0;
		};
		FA23871D237C32E000F4A60C /* Frameworks */ = {
			isa = PBXFrameworksBuildPhase;
			buildActionMask = 2147483647;
			files = (
			);
			runOnlyForDeploymentPostprocessing = 0;
		};
		FA238728237C32E000F4A60C /* Frameworks */ = {
			isa = PBXFrameworksBuildPhase;
			buildActionMask = 2147483647;
			files = (
			);
			runOnlyForDeploymentPostprocessing = 0;
		};
/* End PBXFrameworksBuildPhase section */

/* Begin PBXGroup section */
		FA238703237C32DD00F4A60C = {
			isa = PBXGroup;
			children = (
				FA23870E237C32DD00F4A60C /* NIBMArticle */,
				FA238723237C32E000F4A60C /* NIBMArticleTests */,
				FA23872E237C32E000F4A60C /* NIBMArticleUITests */,
				FA23870D237C32DD00F4A60C /* Products */,
			);
			sourceTree = "<group>";
		};
		FA23870D237C32DD00F4A60C /* Products */ = {
			isa = PBXGroup;
			children = (
				FA23870C237C32DD00F4A60C /* NIBMArticle.app */,
				FA238720237C32E000F4A60C /* NIBMArticleTests.xctest */,
				FA23872B237C32E000F4A60C /* NIBMArticleUITests.xctest */,
			);
			name = Products;
			sourceTree = "<group>";
		};
		FA23870E237C32DD00F4A60C /* NIBMArticle */ = {
			isa = PBXGroup;
			children = (
				FA238743237C7BC300F4A60C /* Storyboards */,
				FA23870F237C32DD00F4A60C /* AppDelegate.swift */,
				FA238711237C32DD00F4A60C /* ViewController.swift */,
				FA238716237C32DF00F4A60C /* Assets.xcassets */,
				FA238718237C32DF00F4A60C /* LaunchScreen.storyboard */,
				FA23871B237C32DF00F4A60C /* Info.plist */,
				FA238780237EF24D00F4A60C /* MenuViewController.swift */,
			);
			path = NIBMArticle;
			sourceTree = "<group>";
		};
		FA238723237C32E000F4A60C /* NIBMArticleTests */ = {
			isa = PBXGroup;
			children = (
				FA238724237C32E000F4A60C /* NIBMArticleTests.swift */,
				FA238726237C32E000F4A60C /* Info.plist */,
			);
			path = NIBMArticleTests;
			sourceTree = "<group>";
		};
		FA23872E237C32E000F4A60C /* NIBMArticleUITests */ = {
			isa = PBXGroup;
			children = (
				FA23872F237C32E000F4A60C /* NIBMArticleUITests.swift */,
				FA238731237C32E000F4A60C /* Info.plist */,
			);
			path = NIBMArticleUITests;
			sourceTree = "<group>";
		};
		FA238743237C7BC300F4A60C /* Storyboards */ = {
			isa = PBXGroup;
			children = (
				FA238713237C32DD00F4A60C /* Main.storyboard */,
				FA238744237C7BF000F4A60C /* menu.storyboard */,
			);
			path = Storyboards;
			sourceTree = "<group>";
		};
/* End PBXGroup section */

/* Begin PBXNativeTarget section */
		FA23870B237C32DD00F4A60C /* NIBMArticle */ = {
			isa = PBXNativeTarget;
			buildConfigurationList = FA238734237C32E000F4A60C /* Build configuration list for PBXNativeTarget "NIBMArticle" */;
			buildPhases = (
				FA238708237C32DD00F4A60C /* Sources */,
				FA238709237C32DD00F4A60C /* Frameworks */,
				FA23870A237C32DD00F4A60C /* Resources */,
			);
			buildRules = (
			);
			dependencies = (
			);
			name = NIBMArticle;
			productName = NIBMArticle;
			productReference = FA23870C237C32DD00F4A60C /* NIBMArticle.app */;
			productType = "com.apple.product-type.application";
		};
		FA23871F237C32E000F4A60C /* NIBMArticleTests */ = {
			isa = PBXNativeTarget;
			buildConfigurationList = FA238737237C32E000F4A60C /* Build configuration list for PBXNativeTarget "NIBMArticleTests" */;
			buildPhases = (
				FA23871C237C32E000F4A60C /* Sources */,
				FA23871D237C32E000F4A60C /* Frameworks */,
				FA23871E237C32E000F4A60C /* Resources */,
			);
			buildRules = (
			);
			dependencies = (
				FA238722237C32E000F4A60C /* PBXTargetDependency */,
			);
			name = NIBMArticleTests;
			productName = NIBMArticleTests;
			productReference = FA238720237C32E000F4A60C /* NIBMArticleTests.xctest */;
			productType = "com.apple.product-type.bundle.unit-test";
		};
		FA23872A237C32E000F4A60C /* NIBMArticleUITests */ = {
			isa = PBXNativeTarget;
			buildConfigurationList = FA23873A237C32E000F4A60C /* Build configuration list for PBXNativeTarget "NIBMArticleUITests" */;
			buildPhases = (
				FA238727237C32E000F4A60C /* Sources */,
				FA238728237C32E000F4A60C /* Frameworks */,
				FA238729237C32E000F4A60C /* Resources */,
			);
			buildRules = (
			);
			dependencies = (
				FA23872D237C32E000F4A60C /* PBXTargetDependency */,
			);
			name = NIBMArticleUITests;
			productName = NIBMArticleUITests;
			productReference = FA23872B237C32E000F4A60C /* NIBMArticleUITests.xctest */;
			productType = "com.apple.product-type.bundle.ui-testing";
		};
/* End PBXNativeTarget section */

/* Begin PBXProject section */
		FA238704237C32DD00F4A60C /* Project object */ = {
			isa = PBXProject;
			attributes = {
				LastSwiftUpdateCheck = 1030;
				LastUpgradeCheck = 1030;
				ORGANIZATIONNAME = NIBM;
				TargetAttributes = {
					FA23870B237C32DD00F4A60C = {
						CreatedOnToolsVersion = 10.3;
					};
					FA23871F237C32E000F4A60C = {
						CreatedOnToolsVersion = 10.3;
						TestTargetID = FA23870B237C32DD00F4A60C;
					};
					FA23872A237C32E000F4A60C = {
						CreatedOnToolsVersion = 10.3;
						TestTargetID = FA23870B237C32DD00F4A60C;
					};
				};
			};
			buildConfigurationList = FA238707237C32DD00F4A60C /* Build configuration list for PBXProject "NIBMArticle" */;
			compatibilityVersion = "Xcode 9.3";
			developmentRegion = en;
			hasScannedForEncodings = 0;
			knownRegions = (
				en,
				Base,
			);
			mainGroup = FA238703237C32DD00F4A60C;
			productRefGroup = FA23870D237C32DD00F4A60C /* Products */;
			projectDirPath = "";
			projectRoot = "";
			targets = (
				FA23870B237C32DD00F4A60C /* NIBMArticle */,
				FA23871F237C32E000F4A60C /* NIBMArticleTests */,
				FA23872A237C32E000F4A60C /* NIBMArticleUITests */,
			);
		};
/* End PBXProject section */

/* Begin PBXResourcesBuildPhase section */
		FA23870A237C32DD00F4A60C /* Resources */ = {
			isa = PBXResourcesBuildPhase;
			buildActionMask = 2147483647;
			files = (
				FA23871A237C32DF00F4A60C /* LaunchScreen.storyboard in Resources */,
				FA238717237C32DF00F4A60C /* Assets.xcassets in Resources */,
				FA238715237C32DD00F4A60C /* Main.storyboard in Resources */,
				FA238745237C7BF000F4A60C /* menu.storyboard in Resources */,
			);
			runOnlyForDeploymentPostprocessing = 0;
		};
		FA23871E237C32E000F4A60C /* Resources */ = {
			isa = PBXResourcesBuildPhase;
			buildActionMask = 2147483647;
			files = (
			);
			runOnlyForDeploymentPostprocessing = 0;
		};
		FA238729237C32E000F4A60C /* Resources */ = {
			isa = PBXResourcesBuildPhase;
			buildActionMask = 2147483647;
			files = (
			);
			runOnlyForDeploymentPostprocessing = 0;
		};
/* End PBXResourcesBuildPhase section */

/* Begin PBXSourcesBuildPhase section */
		FA238708237C32DD00F4A60C /* Sources */ = {
			isa = PBXSourcesBuildPhase;
			buildActionMask = 2147483647;
			files = (
				FA238712237C32DD00F4A60C /* ViewController.swift in Sources */,
				FA238781237EF24D00F4A60C /* MenuViewController.swift in Sources */,
				FA238710237C32DD00F4A60C /* AppDelegate.swift in Sources */,
			);
			runOnlyForDeploymentPostprocessing = 0;
		};
		FA23871C237C32E000F4A60C /* Sources */ = {
			isa = PBXSourcesBuildPhase;
			buildActionMask = 2147483647;
			files = (
				FA238725237C32E000F4A60C /* NIBMArticleTests.swift in Sources */,
			);
			runOnlyForDeploymentPostprocessing = 0;
		};
		FA238727237C32E000F4A60C /* Sources */ = {
			isa = PBXSourcesBuildPhase;
			buildActionMask = 2147483647;
			files = (
				FA238730237C32E000F4A60C /* NIBMArticleUITests.swift in Sources */,
			);
			runOnlyForDeploymentPostprocessing = 0;
		};
/* End PBXSourcesBuildPhase section */

/* Begin PBXTargetDependency section */
		FA238722237C32E000F4A60C /* PBXTargetDependency */ = {
			isa = PBXTargetDependency;
			target = FA23870B237C32DD00F4A60C /* NIBMArticle */;
			targetProxy = FA238721237C32E000F4A60C /* PBXContainerItemProxy */;
		};
		FA23872D237C32E000F4A60C /* PBXTargetDependency */ = {
			isa = PBXTargetDependency;
			target = FA23870B237C32DD00F4A60C /* NIBMArticle */;
			targetProxy = FA23872C237C32E000F4A60C /* PBXContainerItemProxy */;
		};
/* End PBXTargetDependency section */

/* Begin PBXVariantGroup section */
		FA238713237C32DD00F4A60C /* Main.storyboard */ = {
			isa = PBXVariantGroup;
			children = (
				FA238714237C32DD00F4A60C /* Base */,
			);
			name = Main.storyboard;
			sourceTree = "<group>";
		};
		FA238718237C32DF00F4A60C /* LaunchScreen.storyboard */ = {
			isa = PBXVariantGroup;
			children = (
				FA238719237C32DF00F4A60C /* Base */,
			);
			name = LaunchScreen.storyboard;
			sourceTree = "<group>";
		};
/* End PBXVariantGroup section */

/* Begin XCBuildConfiguration section */
		FA238732237C32E000F4A60C /* Debug */ = {
			isa = XCBuildConfiguration;
			buildSettings = {
				ALWAYS_SEARCH_USER_PATHS = NO;
				CLANG_ANALYZER_NONNULL = YES;
				CLANG_ANALYZER_NUMBER_OBJECT_CONVERSION = YES_AGGRESSIVE;
				CLANG_CXX_LANGUAGE_STANDARD = "gnu++14";
				CLANG_CXX_LIBRARY = "libc++";
				CLANG_ENABLE_MODULES = YES;
				CLANG_ENABLE_OBJC_ARC = YES;
				CLANG_ENABLE_OBJC_WEAK = YES;
				CLANG_WARN_BLOCK_CAPTURE_AUTORELEASING = YES;
				CLANG_WARN_BOOL_CONVERSION = YES;
				CLANG_WARN_COMMA = YES;
				CLANG_WARN_CONSTANT_CONVERSION = YES;
				CLANG_WARN_DEPRECATED_OBJC_IMPLEMENTATIONS = YES;
				CLANG_WARN_DIRECT_OBJC_ISA_USAGE = YES_ERROR;
				CLANG_WARN_DOCUMENTATION_COMMENTS = YES;
				CLANG_WARN_EMPTY_BODY = YES;
				CLANG_WARN_ENUM_CONVERSION = YES;
				CLANG_WARN_INFINITE_RECURSION = YES;
				CLANG_WARN_INT_CONVERSION = YES;
				CLANG_WARN_NON_LITERAL_NULL_CONVERSION = YES;
				CLANG_WARN_OBJC_IMPLICIT_RETAIN_SELF = YES;
				CLANG_WARN_OBJC_LITERAL_CONVERSION = YES;
				CLANG_WARN_OBJC_ROOT_CLASS = YES_ERROR;
				CLANG_WARN_RANGE_LOOP_ANALYSIS = YES;
				CLANG_WARN_STRICT_PROTOTYPES = YES;
				CLANG_WARN_SUSPICIOUS_MOVE = YES;
				CLANG_WARN_UNGUARDED_AVAILABILITY = YES_AGGRESSIVE;
				CLANG_WARN_UNREACHABLE_CODE = YES;
				CLANG_WARN__DUPLICATE_METHOD_MATCH = YES;
				CODE_SIGN_IDENTITY = "iPhone Developer";
				COPY_PHASE_STRIP = NO;
				DEBUG_INFORMATION_FORMAT = dwarf;
				ENABLE_STRICT_OBJC_MSGSEND = YES;
				ENABLE_TESTABILITY = YES;
				GCC_C_LANGUAGE_STANDARD = gnu11;
				GCC_DYNAMIC_NO_PIC = NO;
				GCC_NO_COMMON_BLOCKS = YES;
				GCC_OPTIMIZATION_LEVEL = 0;
				GCC_PREPROCESSOR_DEFINITIONS = (
					"DEBUG=1",
					"$(inherited)",
				);
				GCC_WARN_64_TO_32_BIT_CONVERSION = YES;
				GCC_WARN_ABOUT_RETURN_TYPE = YES_ERROR;
				GCC_WARN_UNDECLARED_SELECTOR = YES;
				GCC_WARN_UNINITIALIZED_AUTOS = YES_AGGRESSIVE;
				GCC_WARN_UNUSED_FUNCTION = YES;
				GCC_WARN_UNUSED_VARIABLE = YES;
				IPHONEOS_DEPLOYMENT_TARGET = 12.4;
				MTL_ENABLE_DEBUG_INFO = INCLUDE_SOURCE;
				MTL_FAST_MATH = YES;
				ONLY_ACTIVE_ARCH = YES;
				SDKROOT = iphoneos;
				SWIFT_ACTIVE_COMPILATION_CONDITIONS = DEBUG;
				SWIFT_OPTIMIZATION_LEVEL = "-Onone";
			};
			name = Debug;
		};
		FA238733237C32E000F4A60C /* Release */ = {
			isa = XCBuildConfiguration;
			buildSettings = {
				ALWAYS_SEARCH_USER_PATHS = NO;
				CLANG_ANALYZER_NONNULL = YES;
				CLANG_ANALYZER_NUMBER_OBJECT_CONVERSION = YES_AGGRESSIVE;
				CLANG_CXX_LANGUAGE_STANDARD = "gnu++14";
				CLANG_CXX_LIBRARY = "libc++";
				CLANG_ENABLE_MODULES = YES;
				CLANG_ENABLE_OBJC_ARC = YES;
				CLANG_ENABLE_OBJC_WEAK = YES;
				CLANG_WARN_BLOCK_CAPTURE_AUTORELEASING = YES;
				CLANG_WARN_BOOL_CONVERSION = YES;
				CLANG_WARN_COMMA = YES;
				CLANG_WARN_CONSTANT_CONVERSION = YES;
				CLANG_WARN_DEPRECATED_OBJC_IMPLEMENTATIONS = YES;
				CLANG_WARN_DIRECT_OBJC_ISA_USAGE = YES_ERROR;
				CLANG_WARN_DOCUMENTATION_COMMENTS = YES;
				CLANG_WARN_EMPTY_BODY = YES;
				CLANG_WARN_ENUM_CONVERSION = YES;
				CLANG_WARN_INFINITE_RECURSION = YES;
				CLANG_WARN_INT_CONVERSION = YES;
				CLANG_WARN_NON_LITERAL_NULL_CONVERSION = YES;
				CLANG_WARN_OBJC_IMPLICIT_RETAIN_SELF = YES;
				CLANG_WARN_OBJC_LITERAL_CONVERSION = YES;
				CLANG_WARN_OBJC_ROOT_CLASS = YES_ERROR;
				CLANG_WARN_RANGE_LOOP_ANALYSIS = YES;
				CLANG_WARN_STRICT_PROTOTYPES = YES;
				CLANG_WARN_SUSPICIOUS_MOVE = YES;
				CLANG_WARN_UNGUARDED_AVAILABILITY = YES_AGGRESSIVE;
				CLANG_WARN_UNREACHABLE_CODE = YES;
				CLANG_WARN__DUPLICATE_METHOD_MATCH = YES;
				CODE_SIGN_IDENTITY = "iPhone Developer";
				COPY_PHASE_STRIP = NO;
				DEBUG_INFORMATION_FORMAT = "dwarf-with-dsym";
				ENABLE_NS_ASSERTIONS = NO;
				ENABLE_STRICT_OBJC_MSGSEND = YES;
				GCC_C_LANGUAGE_STANDARD = gnu11;
				GCC_NO_COMMON_BLOCKS = YES;
				GCC_WARN_64_TO_32_BIT_CONVERSION = YES;
				GCC_WARN_ABOUT_RETURN_TYPE = YES_ERROR;
				GCC_WARN_UNDECLARED_SELECTOR = YES;
				GCC_WARN_UNINITIALIZED_AUTOS = YES_AGGRESSIVE;
				GCC_WARN_UNUSED_FUNCTION = YES;
				GCC_WARN_UNUSED_VARIABLE = YES;
				IPHONEOS_DEPLOYMENT_TARGET = 12.4;
				MTL_ENABLE_DEBUG_INFO = NO;
				MTL_FAST_MATH = YES;
				SDKROOT = iphoneos;
				SWIFT_COMPILATION_MODE = wholemodule;
				SWIFT_OPTIMIZATION_LEVEL = "-O";
				VALIDATE_PRODUCT = YES;
			};
			name = Release;
		};
		FA238735237C32E000F4A60C /* Debug */ = {
			isa = XCBuildConfiguration;
			buildSettings = {
				ASSETCATALOG_COMPILER_APPICON_NAME = AppIcon;
				CODE_SIGN_STYLE = Automatic;
				INFOPLIST_FILE = NIBMArticle/Info.plist;
				LD_RUNPATH_SEARCH_PATHS = (
					"$(inherited)",
					"@executable_path/Frameworks",
				);
				PRODUCT_BUNDLE_IDENTIFIER = com.nibm.NIBMArticle;
				PRODUCT_NAME = "$(TARGET_NAME)";
				SWIFT_VERSION = 5.0;
				TARGETED_DEVICE_FAMILY = "1,2";
			};
			name = Debug;
		};
		FA238736237C32E000F4A60C /* Release */ = {
			isa = XCBuildConfiguration;
			buildSettings = {
				ASSETCATALOG_COMPILER_APPICON_NAME = AppIcon;
				CODE_SIGN_STYLE = Automatic;
				INFOPLIST_FILE = NIBMArticle/Info.plist;
				LD_RUNPATH_SEARCH_PATHS = (
					"$(inherited)",
					"@executable_path/Frameworks",
				);
				PRODUCT_BUNDLE_IDENTIFIER = com.nibm.NIBMArticle;
				PRODUCT_NAME = "$(TARGET_NAME)";
				SWIFT_VERSION = 5.0;
				TARGETED_DEVICE_FAMILY = "1,2";
			};
			name = Release;
		};
		FA238738237C32E000F4A60C /* Debug */ = {
			isa = XCBuildConfiguration;
			buildSettings = {
				ALWAYS_EMBED_SWIFT_STANDARD_LIBRARIES = YES;
				BUNDLE_LOADER = "$(TEST_HOST)";
				CODE_SIGN_STYLE = Automatic;
				INFOPLIST_FILE = NIBMArticleTests/Info.plist;
				LD_RUNPATH_SEARCH_PATHS = (
					"$(inherited)",
					"@executable_path/Frameworks",
					"@loader_path/Frameworks",
				);
				PRODUCT_BUNDLE_IDENTIFIER = com.nibm.NIBMArticleTests;
				PRODUCT_NAME = "$(TARGET_NAME)";
				SWIFT_VERSION = 5.0;
				TARGETED_DEVICE_FAMILY = "1,2";
				TEST_HOST = "$(BUILT_PRODUCTS_DIR)/NIBMArticle.app/NIBMArticle";
			};
			name = Debug;
		};
		FA238739237C32E000F4A60C /* Release */ = {
			isa = XCBuildConfiguration;
			buildSettings = {
				ALWAYS_EMBED_SWIFT_STANDARD_LIBRARIES = YES;
				BUNDLE_LOADER = "$(TEST_HOST)";
				CODE_SIGN_STYLE = Automatic;
				INFOPLIST_FILE = NIBMArticleTests/Info.plist;
				LD_RUNPATH_SEARCH_PATHS = (
					"$(inherited)",
					"@executable_path/Frameworks",
					"@loader_path/Frameworks",
				);
				PRODUCT_BUNDLE_IDENTIFIER = com.nibm.NIBMArticleTests;
				PRODUCT_NAME = "$(TARGET_NAME)";
				SWIFT_VERSION = 5.0;
				TARGETED_DEVICE_FAMILY = "1,2";
				TEST_HOST = "$(BUILT_PRODUCTS_DIR)/NIBMArticle.app/NIBMArticle";
			};
			name = Release;
		};
		FA23873B237C32E000F4A60C /* Debug */ = {
			isa = XCBuildConfiguration;
			buildSettings = {
				ALWAYS_EMBED_SWIFT_STANDARD_LIBRARIES = YES;
				CODE_SIGN_STYLE = Automatic;
				INFOPLIST_FILE = NIBMArticleUITests/Info.plist;
				LD_RUNPATH_SEARCH_PATHS = (
					"$(inherited)",
					"@executable_path/Frameworks",
					"@loader_path/Frameworks",
				);
				PRODUCT_BUNDLE_IDENTIFIER = com.nibm.NIBMArticleUITests;
				PRODUCT_NAME = "$(TARGET_NAME)";
				SWIFT_VERSION = 5.0;
				TARGETED_DEVICE_FAMILY = "1,2";
				TEST_TARGET_NAME = NIBMArticle;
			};
			name = Debug;
		};
		FA23873C237C32E000F4A60C /* Release */ = {
			isa = XCBuildConfiguration;
			buildSettings = {
				ALWAYS_EMBED_SWIFT_STANDARD_LIBRARIES = YES;
				CODE_SIGN_STYLE = Automatic;
				INFOPLIST_FILE = NIBMArticleUITests/Info.plist;
				LD_RUNPATH_SEARCH_PATHS = (
					"$(inherited)",
					"@executable_path/Frameworks",
					"@loader_path/Frameworks",
				);
				PRODUCT_BUNDLE_IDENTIFIER = com.nibm.NIBMArticleUITests;
				PRODUCT_NAME = "$(TARGET_NAME)";
				SWIFT_VERSION = 5.0;
				TARGETED_DEVICE_FAMILY = "1,2";
				TEST_TARGET_NAME = NIBMArticle;
			};
			name = Release;
		};
/* End XCBuildConfiguration section */

/* Begin XCConfigurationList section */
		FA238707237C32DD00F4A60C /* Build configuration list for PBXProject "NIBMArticle" */ = {
			isa = XCConfigurationList;
			buildConfigurations = (
				FA238732237C32E000F4A60C /* Debug */,
				FA238733237C32E000F4A60C /* Release */,
			);
			defaultConfigurationIsVisible = 0;
			defaultConfigurationName = Release;
		};
		FA238734237C32E000F4A60C /* Build configuration list for PBXNativeTarget "NIBMArticle" */ = {
			isa = XCConfigurationList;
			buildConfigurations = (
				FA238735237C32E000F4A60C /* Debug */,
				FA238736237C32E000F4A60C /* Release */,
			);
			defaultConfigurationIsVisible = 0;
			defaultConfigurationName = Release;
		};
		FA238737237C32E000F4A60C /* Build configuration list for PBXNativeTarget "NIBMArticleTests" */ = {
			isa = XCConfigurationList;
			buildConfigurations = (
				FA238738237C32E000F4A60C /* Debug */,
				FA238739237C32E000F4A60C /* Release */,
			);
			defaultConfigurationIsVisible = 0;
			defaultConfigurationName = Release;
		};
		FA23873A237C32E000F4A60C /* Build configuration list for PBXNativeTarget "NIBMArticleUITests" */ = {
			isa = XCConfigurationList;
			buildConfigurations = (
				FA23873B237C32E000F4A60C /* Debug */,
				FA23873C237C32E000F4A60C /* Release */,
			);
			defaultConfigurationIsVisible = 0;
			defaultConfigurationName = Release;
		};
/* End XCConfigurationList section */
	};
	rootObject = FA238704237C32DD00F4A60C /* Project object */;
}
